
Microsoft Visual Studio Solution File, Format Version 12.00
# Visual Studio Version 16
VisualStudioVersion = 16.0.30225.117
MinimumVisualStudioVersion = 10.0.40219.1
Project("{FAE04EC0-301F-11D3-BF4B-00C04F79EFBC}") = "BinaryHeapTree", "BinaryHeapTree\BinaryHeapTree.csproj", "{2D8310B3-45D5-4405-AA79-88E07162CD78}"
EndProject
Global
	GlobalSection(SolutionConfigurationPlatforms) = preSolution
		Debug|Any CPU = Debug|Any CPU
		Release|Any CPU = Release|Any CPU
	EndGlobalSection
	GlobalSection(ProjectConfigurationPlatforms) = postSolution
		{2D8310B3-45D5-4405-AA79-88E07162CD78}.Debug|Any CPU.ActiveCfg = Debug|Any CPU
		{2D8310B3-45D5-4405-AA79-88E07162CD78}.Debug|Any CPU.Build.0 = Debug|Any CPU
		{2D8310B3-45D5-4405-AA79-88E07162CD78}.Release|Any CPU.ActiveCfg = Release|Any CPU
		{2D8310B3-45D5-4405-AA79-88E07162CD78}.Release|Any CPU.Build.0 = Release|Any CPU
	EndGlobalSection
	GlobalSection(SolutionProperties) = preSolution
		HideSolutionNode = FALSE
	EndGlobalSection
	GlobalSection(ExtensibilityGlobals) = postSolution
		SolutionGuid = {9E50828E-BDFC-4CB5-9AFB-2567ADB3F73E}
	EndGlobalSection
EndGlobal
